
Microsoft Visual Studio Solution File, Format Version 12.00
# Visual Studio Version 17
VisualStudioVersion = 17.4.33205.214
MinimumVisualStudioVersion = 10.0.40219.1
Project("{FAE04EC0-301F-11D3-BF4B-00C04F79EFBC}") = "NavigationMVVM", "NavigationMVVM\NavigationMVVM.csproj", "{7B202D10-5F4C-4AEE-9FE6-37E0F291CDA1}"
EndProject
Global
	GlobalSection(SolutionConfigurationPlatforms) = preSolution
		Debug|Any CPU = Debug|Any CPU
		Release|Any CPU = Release|Any CPU
	EndGlobalSection
	GlobalSection(ProjectConfigurationPlatforms) = postSolution
		{7B202D10-5F4C-4AEE-9FE6-37E0F291CDA1}.Debug|Any CPU.ActiveCfg = Debug|Any CPU
		{7B202D10-5F4C-4AEE-9FE6-37E0F291CDA1}.Debug|Any CPU.Build.0 = Debug|Any CPU
		{7B202D10-5F4C-4AEE-9FE6-37E0F291CDA1}.Release|Any CPU.ActiveCfg = Release|Any CPU
		{7B202D10-5F4C-4AEE-9FE6-37E0F291CDA1}.Release|Any CPU.Build.0 = Release|Any CPU
	EndGlobalSection
	GlobalSection(SolutionProperties) = preSolution
		HideSolutionNode = FALSE
	EndGlobalSection
	GlobalSection(ExtensibilityGlobals) = postSolution
		SolutionGuid = {8E0FA035-07C0-47EA-B139-10B3C74413CC}
	EndGlobalSection
EndGlobal
